
Microsoft Visual Studio Solution File, Format Version 12.00
Project("{FAE04EC0-301F-11D3-BF4B-00C04F79EFBC}") = "Sparkle Editor", "Sparkle Editor.csproj", "{53D574F6-351F-4C53-9D8B-92F0FA11F1B6}"
EndProject
Global
	GlobalSection(SolutionConfigurationPlatforms) = preSolution
		Debug|Any CPU = Debug|Any CPU
		Release|Any CPU = Release|Any CPU
	EndGlobalSection
	GlobalSection(ProjectConfigurationPlatforms) = postSolution
		{53D574F6-351F-4C53-9D8B-92F0FA11F1B6}.Debug|Any CPU.ActiveCfg = Debug|Any CPU
		{53D574F6-351F-4C53-9D8B-92F0FA11F1B6}.Debug|Any CPU.Build.0 = Debug|Any CPU
		{53D574F6-351F-4C53-9D8B-92F0FA11F1B6}.Release|Any CPU.ActiveCfg = Release|Any CPU
		{53D574F6-351F-4C53-9D8B-92F0FA11F1B6}.Release|Any CPU.Build.0 = Release|Any CPU
	EndGlobalSection
EndGlobal
